
Microsoft Visual Studio Solution File, Format Version 12.00
# Visual Studio Version 17
VisualStudioVersion = 17.4.33205.214
MinimumVisualStudioVersion = 10.0.40219.1
Project("{FAE04EC0-301F-11D3-BF4B-00C04F79EFBC}") = "HashTableAssign", "HashTableAssign.csproj", "{39F56B8F-0E40-467D-B680-F7764892F0A4}"
EndProject
Global
	GlobalSection(SolutionConfigurationPlatforms) = preSolution
		Debug|Any CPU = Debug|Any CPU
		Release|Any CPU = Release|Any CPU
	EndGlobalSection
	GlobalSection(ProjectConfigurationPlatforms) = postSolution
		{39F56B8F-0E40-467D-B680-F7764892F0A4}.Debug|Any CPU.ActiveCfg = Debug|Any CPU
		{39F56B8F-0E40-467D-B680-F7764892F0A4}.Debug|Any CPU.Build.0 = Debug|Any CPU
		{39F56B8F-0E40-467D-B680-F7764892F0A4}.Release|Any CPU.ActiveCfg = Release|Any CPU
		{39F56B8F-0E40-467D-B680-F7764892F0A4}.Release|Any CPU.Build.0 = Release|Any CPU
	EndGlobalSection
	GlobalSection(SolutionProperties) = preSolution
		HideSolutionNode = FALSE
	EndGlobalSection
	GlobalSection(ExtensibilityGlobals) = postSolution
		SolutionGuid = {640009AE-5AAC-4342-B93A-71A65BCA7018}
	EndGlobalSection
EndGlobal
